
Microsoft Visual Studio Solution File, Format Version 12.00
# Visual Studio 2012
Project("{FAE04EC0-301F-11D3-BF4B-00C04F79EFBC}") = "ClubPenguin2005-2017", "ClubPenguin2005-2017\ClubPenguin2005-2017.csproj", "{A3BB6312-34D4-4F32-9CE4-1FDFCF08D5C9}"
EndProject
Global
	GlobalSection(SolutionConfigurationPlatforms) = preSolution
		Debug|Any CPU = Debug|Any CPU
		Release|Any CPU = Release|Any CPU
	EndGlobalSection
	GlobalSection(ProjectConfigurationPlatforms) = postSolution
		{A3BB6312-34D4-4F32-9CE4-1FDFCF08D5C9}.Debug|Any CPU.ActiveCfg = Debug|Any CPU
		{A3BB6312-34D4-4F32-9CE4-1FDFCF08D5C9}.Debug|Any CPU.Build.0 = Debug|Any CPU
		{A3BB6312-34D4-4F32-9CE4-1FDFCF08D5C9}.Release|Any CPU.ActiveCfg = Release|Any CPU
		{A3BB6312-34D4-4F32-9CE4-1FDFCF08D5C9}.Release|Any CPU.Build.0 = Release|Any CPU
	EndGlobalSection
	GlobalSection(SolutionProperties) = preSolution
		HideSolutionNode = FALSE
	EndGlobalSection
EndGlobal
